
Microsoft Visual Studio Solution File, Format Version 12.00
# Visual Studio Version 17
VisualStudioVersion = 17.1.32228.430
MinimumVisualStudioVersion = 10.0.40219.1
Project("{FAE04EC0-301F-11D3-BF4B-00C04F79EFBC}") = "WinFormsApp4", "WinFormsApp4.csproj", "{18D07CCD-C8B4-4E5C-BAC1-AF7D4A285E8E}"
EndProject
Global
	GlobalSection(SolutionConfigurationPlatforms) = preSolution
		Debug|Any CPU = Debug|Any CPU
		Release|Any CPU = Release|Any CPU
	EndGlobalSection
	GlobalSection(ProjectConfigurationPlatforms) = postSolution
		{18D07CCD-C8B4-4E5C-BAC1-AF7D4A285E8E}.Debug|Any CPU.ActiveCfg = Debug|Any CPU
		{18D07CCD-C8B4-4E5C-BAC1-AF7D4A285E8E}.Debug|Any CPU.Build.0 = Debug|Any CPU
		{18D07CCD-C8B4-4E5C-BAC1-AF7D4A285E8E}.Release|Any CPU.ActiveCfg = Release|Any CPU
		{18D07CCD-C8B4-4E5C-BAC1-AF7D4A285E8E}.Release|Any CPU.Build.0 = Release|Any CPU
	EndGlobalSection
	GlobalSection(SolutionProperties) = preSolution
		HideSolutionNode = FALSE
	EndGlobalSection
	GlobalSection(ExtensibilityGlobals) = postSolution
		SolutionGuid = {5607C934-138E-4536-A80F-33A14A545F7B}
	EndGlobalSection
EndGlobal
